
Microsoft Visual Studio Solution File, Format Version 12.00
# Visual Studio Version 16
VisualStudioVersion = 16.0.30611.23
MinimumVisualStudioVersion = 10.0.40219.1
Project("{FAE04EC0-301F-11D3-BF4B-00C04F79EFBC}") = "LKOStest", "LKOStest\LKOStest.csproj", "{533E5A10-B388-46C0-BB98-CD0E57075245}"
EndProject
Global
	GlobalSection(SolutionConfigurationPlatforms) = preSolution
		Debug|Any CPU = Debug|Any CPU
		Release|Any CPU = Release|Any CPU
	EndGlobalSection
	GlobalSection(ProjectConfigurationPlatforms) = postSolution
		{533E5A10-B388-46C0-BB98-CD0E57075245}.Debug|Any CPU.ActiveCfg = Debug|Any CPU
		{533E5A10-B388-46C0-BB98-CD0E57075245}.Debug|Any CPU.Build.0 = Debug|Any CPU
		{533E5A10-B388-46C0-BB98-CD0E57075245}.Release|Any CPU.ActiveCfg = Release|Any CPU
		{533E5A10-B388-46C0-BB98-CD0E57075245}.Release|Any CPU.Build.0 = Release|Any CPU
	EndGlobalSection
	GlobalSection(SolutionProperties) = preSolution
		HideSolutionNode = FALSE
	EndGlobalSection
	GlobalSection(ExtensibilityGlobals) = postSolution
		SolutionGuid = {D4030D72-3A36-4331-BAE8-463548CD508E}
	EndGlobalSection
EndGlobal
